
Microsoft Visual Studio Solution File, Format Version 12.00
Project("{FAE04EC0-301F-11D3-BF4B-00C04F79EFBC}") = "DmxLib", "DmxLib\DmxLib.csproj", "{0A3A1835-96B0-4CD3-89D2-D17208DC5249}"
EndProject
Project("{FAE04EC0-301F-11D3-BF4B-00C04F79EFBC}") = "DmxLib.Util", "DmxLib.Util\DmxLib.Util.csproj", "{F621BA3F-B218-443A-B935-44D6B77E15BB}"
EndProject
Project("{FAE04EC0-301F-11D3-BF4B-00C04F79EFBC}") = "DmxLib.Test", "DmxLib.Test\DmxLib.Test.csproj", "{1C029284-3F90-4295-BFD9-BE5907832E19}"
EndProject
Global
	GlobalSection(SolutionConfigurationPlatforms) = preSolution
		Debug|Any CPU = Debug|Any CPU
		Release|Any CPU = Release|Any CPU
	EndGlobalSection
	GlobalSection(ProjectConfigurationPlatforms) = postSolution
		{0A3A1835-96B0-4CD3-89D2-D17208DC5249}.Debug|Any CPU.ActiveCfg = Debug|Any CPU
		{0A3A1835-96B0-4CD3-89D2-D17208DC5249}.Debug|Any CPU.Build.0 = Debug|Any CPU
		{0A3A1835-96B0-4CD3-89D2-D17208DC5249}.Release|Any CPU.ActiveCfg = Release|Any CPU
		{0A3A1835-96B0-4CD3-89D2-D17208DC5249}.Release|Any CPU.Build.0 = Release|Any CPU
		{F621BA3F-B218-443A-B935-44D6B77E15BB}.Debug|Any CPU.ActiveCfg = Debug|Any CPU
		{F621BA3F-B218-443A-B935-44D6B77E15BB}.Debug|Any CPU.Build.0 = Debug|Any CPU
		{F621BA3F-B218-443A-B935-44D6B77E15BB}.Release|Any CPU.ActiveCfg = Release|Any CPU
		{F621BA3F-B218-443A-B935-44D6B77E15BB}.Release|Any CPU.Build.0 = Release|Any CPU
		{1C029284-3F90-4295-BFD9-BE5907832E19}.Debug|Any CPU.ActiveCfg = Debug|Any CPU
		{1C029284-3F90-4295-BFD9-BE5907832E19}.Debug|Any CPU.Build.0 = Debug|Any CPU
		{1C029284-3F90-4295-BFD9-BE5907832E19}.Release|Any CPU.ActiveCfg = Release|Any CPU
		{1C029284-3F90-4295-BFD9-BE5907832E19}.Release|Any CPU.Build.0 = Release|Any CPU
	EndGlobalSection
EndGlobal
